
Microsoft Visual Studio Solution File, Format Version 12.00
# Visual Studio Version 17
VisualStudioVersion = 17.5.33424.131
MinimumVisualStudioVersion = 10.0.40219.1
Project("{FAE04EC0-301F-11D3-BF4B-00C04F79EFBC}") = "ООП(ЛР-19)(Чеботарьов О.)", "ООП(ЛР-19)(Чеботарьов О.)\ООП(ЛР-19)(Чеботарьов О.).csproj", "{B6F7313B-7777-4183-926D-69A864E8D9AC}"
EndProject
Global
	GlobalSection(SolutionConfigurationPlatforms) = preSolution
		Debug|Any CPU = Debug|Any CPU
		Release|Any CPU = Release|Any CPU
	EndGlobalSection
	GlobalSection(ProjectConfigurationPlatforms) = postSolution
		{B6F7313B-7777-4183-926D-69A864E8D9AC}.Debug|Any CPU.ActiveCfg = Debug|Any CPU
		{B6F7313B-7777-4183-926D-69A864E8D9AC}.Debug|Any CPU.Build.0 = Debug|Any CPU
		{B6F7313B-7777-4183-926D-69A864E8D9AC}.Release|Any CPU.ActiveCfg = Release|Any CPU
		{B6F7313B-7777-4183-926D-69A864E8D9AC}.Release|Any CPU.Build.0 = Release|Any CPU
	EndGlobalSection
	GlobalSection(SolutionProperties) = preSolution
		HideSolutionNode = FALSE
	EndGlobalSection
	GlobalSection(ExtensibilityGlobals) = postSolution
		SolutionGuid = {A511A61E-9E64-415A-8113-0C8FC5ADB509}
	EndGlobalSection
EndGlobal
